
Microsoft Visual Studio Solution File, Format Version 12.00
# Visual Studio 14
VisualStudioVersion = 14.0.25420.1
MinimumVisualStudioVersion = 10.0.40219.1
Project("{FAE04EC0-301F-11D3-BF4B-00C04F79EFBC}") = "SitecoreAutomationPOC", "SitecoreAutomationPOC\SitecoreAutomationPOC.csproj", "{B20FF4AD-5CEE-479B-8A88-193EA659AF1B}"
EndProject
Project("{FAE04EC0-301F-11D3-BF4B-00C04F79EFBC}") = "SitecoreAutomationPOC.RegressionTests", "SitecoreAutomationPOC.Tests\SitecoreAutomationPOC.RegressionTests.csproj", "{3CE1EE53-0550-471E-9A3D-C7BEFC53088E}"
EndProject
Project("{FAE04EC0-301F-11D3-BF4B-00C04F79EFBC}") = "SitecoreAutomationPOC.UnitTests", "SitecoreAutomationPOC.UnitTests\SitecoreAutomationPOC.UnitTests.csproj", "{D57694FC-316C-40F8-A1EA-1745BC525AC2}"
EndProject
Global
	GlobalSection(SolutionConfigurationPlatforms) = preSolution
		Debug|Any CPU = Debug|Any CPU
		Release|Any CPU = Release|Any CPU
	EndGlobalSection
	GlobalSection(ProjectConfigurationPlatforms) = postSolution
		{B20FF4AD-5CEE-479B-8A88-193EA659AF1B}.Debug|Any CPU.ActiveCfg = Debug|Any CPU
		{B20FF4AD-5CEE-479B-8A88-193EA659AF1B}.Debug|Any CPU.Build.0 = Debug|Any CPU
		{B20FF4AD-5CEE-479B-8A88-193EA659AF1B}.Release|Any CPU.ActiveCfg = Release|Any CPU
		{B20FF4AD-5CEE-479B-8A88-193EA659AF1B}.Release|Any CPU.Build.0 = Release|Any CPU
		{3CE1EE53-0550-471E-9A3D-C7BEFC53088E}.Debug|Any CPU.ActiveCfg = Debug|Any CPU
		{3CE1EE53-0550-471E-9A3D-C7BEFC53088E}.Debug|Any CPU.Build.0 = Debug|Any CPU
		{3CE1EE53-0550-471E-9A3D-C7BEFC53088E}.Release|Any CPU.ActiveCfg = Release|Any CPU
		{3CE1EE53-0550-471E-9A3D-C7BEFC53088E}.Release|Any CPU.Build.0 = Release|Any CPU
		{D57694FC-316C-40F8-A1EA-1745BC525AC2}.Debug|Any CPU.ActiveCfg = Debug|Any CPU
		{D57694FC-316C-40F8-A1EA-1745BC525AC2}.Debug|Any CPU.Build.0 = Debug|Any CPU
		{D57694FC-316C-40F8-A1EA-1745BC525AC2}.Release|Any CPU.ActiveCfg = Release|Any CPU
		{D57694FC-316C-40F8-A1EA-1745BC525AC2}.Release|Any CPU.Build.0 = Release|Any CPU
	EndGlobalSection
	GlobalSection(SolutionProperties) = preSolution
		HideSolutionNode = FALSE
	EndGlobalSection
EndGlobal
